
Microsoft Visual Studio Solution File, Format Version 12.00
# Visual Studio Version 17
VisualStudioVersion = 17.13.35825.156 d17.13
MinimumVisualStudioVersion = 10.0.40219.1
Project("{FAE04EC0-301F-11D3-BF4B-00C04F79EFBC}") = "dotnet-api", "dotnet-api\dotnet-api.csproj", "{DF88778E-9B01-45AD-B77A-5427552836EE}"
EndProject
Global
	GlobalSection(SolutionConfigurationPlatforms) = preSolution
		Debug|Any CPU = Debug|Any CPU
		Release|Any CPU = Release|Any CPU
	EndGlobalSection
	GlobalSection(ProjectConfigurationPlatforms) = postSolution
		{DF88778E-9B01-45AD-B77A-5427552836EE}.Debug|Any CPU.ActiveCfg = Debug|Any CPU
		{DF88778E-9B01-45AD-B77A-5427552836EE}.Debug|Any CPU.Build.0 = Debug|Any CPU
		{DF88778E-9B01-45AD-B77A-5427552836EE}.Release|Any CPU.ActiveCfg = Release|Any CPU
		{DF88778E-9B01-45AD-B77A-5427552836EE}.Release|Any CPU.Build.0 = Release|Any CPU
	EndGlobalSection
	GlobalSection(SolutionProperties) = preSolution
		HideSolutionNode = FALSE
	EndGlobalSection
	GlobalSection(ExtensibilityGlobals) = postSolution
		SolutionGuid = {E18C3F2A-3BE7-4310-BF77-C4E7B8641593}
	EndGlobalSection
EndGlobal
